
Microsoft Visual Studio Solution File, Format Version 12.00
# Visual Studio Version 16
VisualStudioVersion = 16.0.31402.337
MinimumVisualStudioVersion = 10.0.40219.1
Project("{FAE04EC0-301F-11D3-BF4B-00C04F79EFBC}") = "Garage2.0G6", "Garage2.0G6.csproj", "{6C448430-2994-4E93-BCDC-748846390A3C}"
EndProject
Global
	GlobalSection(SolutionConfigurationPlatforms) = preSolution
		Debug|Any CPU = Debug|Any CPU
		Release|Any CPU = Release|Any CPU
	EndGlobalSection
	GlobalSection(ProjectConfigurationPlatforms) = postSolution
		{6C448430-2994-4E93-BCDC-748846390A3C}.Debug|Any CPU.ActiveCfg = Debug|Any CPU
		{6C448430-2994-4E93-BCDC-748846390A3C}.Debug|Any CPU.Build.0 = Debug|Any CPU
		{6C448430-2994-4E93-BCDC-748846390A3C}.Release|Any CPU.ActiveCfg = Release|Any CPU
		{6C448430-2994-4E93-BCDC-748846390A3C}.Release|Any CPU.Build.0 = Release|Any CPU
	EndGlobalSection
	GlobalSection(SolutionProperties) = preSolution
		HideSolutionNode = FALSE
	EndGlobalSection
	GlobalSection(ExtensibilityGlobals) = postSolution
		SolutionGuid = {91C4FB11-B81F-4F07-BAAC-2D426A868D9D}
	EndGlobalSection
EndGlobal
